
Microsoft Visual Studio Solution File, Format Version 12.00
# Visual Studio 15
VisualStudioVersion = 15.0.27130.2010
MinimumVisualStudioVersion = 10.0.40219.1
Project("{FAE04EC0-301F-11D3-BF4B-00C04F79EFBC}") = "PesterchumFormatter", "PesterchumFormatter\PesterchumFormatter.csproj", "{81CDBE69-CEBA-47A6-AA64-6A72C088E7C5}"
EndProject
Global
	GlobalSection(SolutionConfigurationPlatforms) = preSolution
		Debug|Any CPU = Debug|Any CPU
		Release|Any CPU = Release|Any CPU
	EndGlobalSection
	GlobalSection(ProjectConfigurationPlatforms) = postSolution
		{81CDBE69-CEBA-47A6-AA64-6A72C088E7C5}.Debug|Any CPU.ActiveCfg = Debug|Any CPU
		{81CDBE69-CEBA-47A6-AA64-6A72C088E7C5}.Debug|Any CPU.Build.0 = Debug|Any CPU
		{81CDBE69-CEBA-47A6-AA64-6A72C088E7C5}.Release|Any CPU.ActiveCfg = Release|Any CPU
		{81CDBE69-CEBA-47A6-AA64-6A72C088E7C5}.Release|Any CPU.Build.0 = Release|Any CPU
	EndGlobalSection
	GlobalSection(SolutionProperties) = preSolution
		HideSolutionNode = FALSE
	EndGlobalSection
	GlobalSection(ExtensibilityGlobals) = postSolution
		SolutionGuid = {8C2F8E5C-E294-4643-962D-B14948A11399}
	EndGlobalSection
EndGlobal
